
Microsoft Visual Studio Solution File, Format Version 12.00
# Visual Studio Version 17
VisualStudioVersion = 17.14.36616.10 d17.14
MinimumVisualStudioVersion = 10.0.40219.1
Project("{FAE04EC0-301F-11D3-BF4B-00C04F79EFBC}") = "TwitterClone.Domain", "TwitterClone.Domain\TwitterClone.Domain.csproj", "{21D89F62-370A-4398-9EFE-9B687BE12491}"
EndProject
Global
	GlobalSection(SolutionConfigurationPlatforms) = preSolution
		Debug|Any CPU = Debug|Any CPU
		Release|Any CPU = Release|Any CPU
	EndGlobalSection
	GlobalSection(ProjectConfigurationPlatforms) = postSolution
		{21D89F62-370A-4398-9EFE-9B687BE12491}.Debug|Any CPU.ActiveCfg = Debug|Any CPU
		{21D89F62-370A-4398-9EFE-9B687BE12491}.Debug|Any CPU.Build.0 = Debug|Any CPU
		{21D89F62-370A-4398-9EFE-9B687BE12491}.Release|Any CPU.ActiveCfg = Release|Any CPU
		{21D89F62-370A-4398-9EFE-9B687BE12491}.Release|Any CPU.Build.0 = Release|Any CPU
	EndGlobalSection
	GlobalSection(SolutionProperties) = preSolution
		HideSolutionNode = FALSE
	EndGlobalSection
	GlobalSection(ExtensibilityGlobals) = postSolution
		SolutionGuid = {B7970F0B-03AD-4851-BBCB-2E77F32D7B6A}
	EndGlobalSection
EndGlobal
